{
    "name": "code-theme",
    "version": "0.0.1",
    "lockfileVersion": 2,
    "requires": true,
    "packages": {
        "": {
            "name": "code-theme",
            "version": "0.0.1",
            "dependencies": {
                "patch": "^0.0.1"
            },
            "engines": {
                "vscode": "^1.67.0"
            }
        },
        "node_modules/patch": {
            "version": "0.0.1",
            "resolved": "https://registry.npmjs.org/patch/-/patch-0.0.1.tgz",
            "integrity": "sha1-KTBW27xxyXmhtyczCLEsVGAkaDM="
        }
    },
    "dependencies": {
        "patch": {
            "version": "0.0.1",
            "resolved": "https://registry.npmjs.org/patch/-/patch-0.0.1.tgz",
            "integrity": "sha1-KTBW27xxyXmhtyczCLEsVGAkaDM="
        }
    }
}
